// !$*UTF8*$!
{
	archiveVersion = 1;
	classes = {
	};
	objectVersion = 46;
	objects = {

/* Begin PBXBuildFile section */
		58F45B031E3A7E1E003653D2 /* AppDelegate.swift in Sources */ = {isa = PBXBuildFile; fileRef = 58F45B021E3A7E1E003653D2 /* AppDelegate.swift */; };
		58F45B051E3A7E1E003653D2 /* ViewController.swift in Sources */ = {isa = PBXBuildFile; fileRef = 58F45B041E3A7E1E003653D2 /* ViewController.swift */; };
		58F45B081E3A7E1E003653D2 /* Main.storyboard in Resources */ = {isa = PBXBuildFile; fileRef = 58F45B061E3A7E1E003653D2 /* Main.storyboard */; };
		58F45B0B1E3A7E1E003653D2 /* TipCalculator.xcdatamodeld in Sources */ = {isa = PBXBuildFile; fileRef = 58F45B091E3A7E1E003653D2 /* TipCalculator.xcdatamodeld */; };
		58F45B0D1E3A7E1E003653D2 /* Assets.xcassets in Resources */ = {isa = PBXBuildFile; fileRef = 58F45B0C1E3A7E1E003653D2 /* Assets.xcassets */; };
		58F45B101E3A7E1E003653D2 /* LaunchScreen.storyboard in Resources */ = {isa = PBXBuildFile; fileRef = 58F45B0E1E3A7E1E003653D2 /* LaunchScreen.storyboard */; };
/* End PBXBuildFile section */

/* Begin PBXFileReference section */
		58F45AFF1E3A7E1E003653D2 /* TipCalculator.app */ = {isa = PBXFileReference; explicitFileType = wrapper.application; includeInIndex = 0; path = TipCalculator.app; sourceTree = BUILT_PRODUCTS_DIR; };
		58F45B021E3A7E1E003653D2 /* AppDelegate.swift */ = {isa = PBXFileReference; lastKnownFileType = sourcecode.swift; path = AppDelegate.swift; sourceTree = "<group>"; };
		58F45B041E3A7E1E003653D2 /* ViewController.swift */ = {isa = PBXFileReference; lastKnownFileType = sourcecode.swift; path = ViewController.swift; sourceTree = "<group>"; };
		58F45B071E3A7E1E003653D2 /* Base */ = {isa = PBXFileReference; lastKnownFileType = file.storyboard; name = Base; path = Base.lproj/Main.storyboard; sourceTree = "<group>"; };
		58F45B0A1E3A7E1E003653D2 /* TipCalculator.xcdatamodel */ = {isa = PBXFileReference; lastKnownFileType = wrapper.xcdatamodel; path = TipCalculator.xcdatamodel; sourceTree = "<group>"; };
		58F45B0C1E3A7E1E003653D2 /* Assets.xcassets */ = {isa = PBXFileReference; lastKnownFileType = folder.assetcatalog; path = Assets.xcassets; sourceTree = "<group>"; };
		58F45B0F1E3A7E1E003653D2 /* Base */ = {isa = PBXFileReference; lastKnownFileType = file.storyboard; name = Base; path = Base.lproj/LaunchScreen.storyboard; sourceTree = "<group>"; };
		58F45B111E3A7E1E003653D2 /* Info.plist */ = {isa = PBXFileReference; lastKnownFileType = text.plist.xml; path = Info.plist; sourceTree = "<group>"; };
/* End PBXFileReference section */

/* Begin PBXFrameworksBuildPhase section */
		58F45AFC1E3A7E1E003653D2 /* Frameworks */ = {
			isa = PBXFrameworksBuildPhase;
			buildActionMask = 2147483647;
			files = (
			);
			runOnlyForDeploymentPostprocessing = 0;
		};
/* End PBXFrameworksBuildPhase section */

/* Begin PBXGroup section */
		58F45AF61E3A7E1D003653D2 = {
			isa = PBXGroup;
			children = (
				58F45B011E3A7E1E003653D2 /* TipCalculator */,
				58F45B001E3A7E1E003653D2 /* Products */,
			);
			sourceTree = "<group>";
		};
		58F45B001E3A7E1E003653D2 /* Products */ = {
			isa = PBXGroup;
			children = (
				58F45AFF1E3A7E1E003653D2 /* TipCalculator.app */,
			);
			name = Products;
			sourceTree = "<group>";
		};
		58F45B011E3A7E1E003653D2 /* TipCalculator */ = {
			isa = PBXGroup;
			children = (
				58F45B021E3A7E1E003653D2 /* AppDelegate.swift */,
				58F45B041E3A7E1E003653D2 /* ViewController.swift */,
				58F45B061E3A7E1E003653D2 /* Main.storyboard */,
				58F45B0C1E3A7E1E003653D2 /* Assets.xcassets */,
				58F45B0E1E3A7E1E003653D2 /* LaunchScreen.storyboard */,
				58F45B111E3A7E1E003653D2 /* Info.plist */,
				58F45B091E3A7E1E003653D2 /* TipCalculator.xcdatamodeld */,
			);
			path = TipCalculator;
			sourceTree = "<group>";
		};
/* End PBXGroup section */

/* Begin PBXNativeTarget section */
		58F45AFE1E3A7E1E003653D2 /* TipCalculator */ = {
			isa = PBXNativeTarget;
			buildConfigurationList = 58F45B141E3A7E1E003653D2 /* Build configuration list for PBXNativeTarget "TipCalculator" */;
			buildPhases = (
				58F45AFB1E3A7E1E003653D2 /* Sources */,
				58F45AFC1E3A7E1E003653D2 /* Frameworks */,
				58F45AFD1E3A7E1E003653D2 /* Resources */,
			);
			buildRules = (
			);
			dependencies = (
			);
			name = TipCalculator;
			productName = TipCalculator;
			productReference = 58F45AFF1E3A7E1E003653D2 /* TipCalculator.app */;
			productType = "com.apple.product-type.application";
		};
/* End PBXNativeTarget section */

/* Begin PBXProject section */
		58F45AF71E3A7E1E003653D2 /* Project object */ = {
			isa = PBXProject;
			attributes = {
				LastSwiftUpdateCheck = 0820;
				LastUpgradeCheck = 0820;
				ORGANIZATIONNAME = "Minwei Xu";
				TargetAttributes = {
					58F45AFE1E3A7E1E003653D2 = {
						CreatedOnToolsVersion = 8.2.1;
						DevelopmentTeam = DA7ERXYKAU;
						ProvisioningStyle = Automatic;
					};
				};
			};
			buildConfigurationList = 58F45AFA1E3A7E1E003653D2 /* Build configuration list for PBXProject "TipCalculator" */;
			compatibilityVersion = "Xcode 3.2";
			developmentRegion = English;
			hasScannedForEncodings = 0;
			knownRegions = (
				en,
				Base,
			);
			mainGroup = 58F45AF61E3A7E1D003653D2;
			productRefGroup = 58F45B001E3A7E1E003653D2 /* Products */;
			projectDirPath = "";
			projectRoot = "";
			targets = (
				58F45AFE1E3A7E1E003653D2 /* TipCalculator */,
			);
		};
/* End PBXProject section */

/* Begin PBXResourcesBuildPhase section */
		58F45AFD1E3A7E1E003653D2 /* Resources */ = {
			isa = PBXResourcesBuildPhase;
			buildActionMask = 2147483647;
			files = (
				58F45B101E3A7E1E003653D2 /* LaunchScreen.storyboard in Resources */,
				58F45B0D1E3A7E1E003653D2 /* Assets.xcassets in Resources */,
				58F45B081E3A7E1E003653D2 /* Main.storyboard in Resources */,
			);
			runOnlyForDeploymentPostprocessing = 0;
		};
/* End PBXResourcesBuildPhase section */

/* Begin PBXSourcesBuildPhase section */
		58F45AFB1E3A7E1E003653D2 /* Sources */ = {
			isa = PBXSourcesBuildPhase;
			buildActionMask = 2147483647;
			files = (
				58F45B0B1E3A7E1E003653D2 /* TipCalculator.xcdatamodeld in Sources */,
				58F45B051E3A7E1E003653D2 /* ViewController.swift in Sources */,
				58F45B031E3A7E1E003653D2 /* AppDelegate.swift in Sources */,
			);
			runOnlyForDeploymentPostprocessing = 0;
		};
/* End PBXSourcesBuildPhase section */

/* Begin PBXVariantGroup section */
		58F45B061E3A7E1E003653D2 /* Main.storyboard */ = {
			isa = PBXVariantGroup;
			children = (
				58F45B071E3A7E1E003653D2 /* Base */,
			);
			name = Main.storyboard;
			sourceTree = "<group>";
		};
		58F45B0E1E3A7E1E003653D2 /* LaunchScreen.storyboard */ = {
			isa = PBXVariantGroup;
			children = (
				58F45B0F1E3A7E1E003653D2 /* Base */,
			);
			name = LaunchScreen.storyboard;
			sourceTree = "<group>";
		};
/* End PBXVariantGroup section */

/* Begin XCBuildConfiguration section */
		58F45B121E3A7E1E003653D2 /* Debug */ = {
			isa = XCBuildConfiguration;
			buildSettings = {
				ALWAYS_SEARCH_USER_PATHS = NO;
				CLANG_ANALYZER_NONNULL = YES;
				CLANG_CXX_LANGUAGE_STANDARD = "gnu++0x";
				CLANG_CXX_LIBRARY = "libc++";
				CLANG_ENABLE_MODULES = YES;
				CLANG_ENABLE_OBJC_ARC = YES;
				CLANG_WARN_BOOL_CONVERSION = YES;
				CLANG_WARN_CONSTANT_CONVERSION = YES;
				CLANG_WARN_DIRECT_OBJC_ISA_USAGE = YES_ERROR;
				CLANG_WARN_DOCUMENTATION_COMMENTS = YES;
				CLANG_WARN_EMPTY_BODY = YES;
				CLANG_WARN_ENUM_CONVERSION = YES;
				CLANG_WARN_INFINITE_RECURSION = YES;
				CLANG_WARN_INT_CONVERSION = YES;
				CLANG_WARN_OBJC_ROOT_CLASS = YES_ERROR;
				CLANG_WARN_SUSPICIOUS_MOVE = YES;
				CLANG_WARN_UNREACHABLE_CODE = YES;
				CLANG_WARN__DUPLICATE_METHOD_MATCH = YES;
				"CODE_SIGN_IDENTITY[sdk=iphoneos*]" = "iPhone Developer";
				COPY_PHASE_STRIP = NO;
				DEBUG_INFORMATION_FORMAT = dwarf;
				ENABLE_STRICT_OBJC_MSGSEND = YES;
				ENABLE_TESTABILITY = YES;
				GCC_C_LANGUAGE_STANDARD = gnu99;
				GCC_DYNAMIC_NO_PIC = NO;
				GCC_NO_COMMON_BLOCKS = YES;
				GCC_OPTIMIZATION_LEVEL = 0;
				GCC_PREPROCESSOR_DEFINITIONS = (
					"DEBUG=1",
					"$(inherited)",
				);
				GCC_WARN_64_TO_32_BIT_CONVERSION = YES;
				GCC_WARN_ABOUT_RETURN_TYPE = YES_ERROR;
				GCC_WARN_UNDECLARED_SELECTOR = YES;
				GCC_WARN_UNINITIALIZED_AUTOS = YES_AGGRESSIVE;
				GCC_WARN_UNUSED_FUNCTION = YES;
				GCC_WARN_UNUSED_VARIABLE = YES;
				IPHONEOS_DEPLOYMENT_TARGET = 10.2;
				MTL_ENABLE_DEBUG_INFO = YES;
				ONLY_ACTIVE_ARCH = YES;
				SDKROOT = iphoneos;
				SWIFT_ACTIVE_COMPILATION_CONDITIONS = DEBUG;
				SWIFT_OPTIMIZATION_LEVEL = "-Onone";
			};
			name = Debug;
		};
		58F45B131E3A7E1E003653D2 /* Release */ = {
			isa = XCBuildConfiguration;
			buildSettings = {
				ALWAYS_SEARCH_USER_PATHS = NO;
				CLANG_ANALYZER_NONNULL = YES;
				CLANG_CXX_LANGUAGE_STANDARD = "gnu++0x";
				CLANG_CXX_LIBRARY = "libc++";
				CLANG_ENABLE_MODULES = YES;
				CLANG_ENABLE_OBJC_ARC = YES;
				CLANG_WARN_BOOL_CONVERSION = YES;
				CLANG_WARN_CONSTANT_CONVERSION = YES;
				CLANG_WARN_DIRECT_OBJC_ISA_USAGE = YES_ERROR;
				CLANG_WARN_DOCUMENTATION_COMMENTS = YES;
				CLANG_WARN_EMPTY_BODY = YES;
				CLANG_WARN_ENUM_CONVERSION = YES;
				CLANG_WARN_INFINITE_RECURSION = YES;
				CLANG_WARN_INT_CONVERSION = YES;
				CLANG_WARN_OBJC_ROOT_CLASS = YES_ERROR;
				CLANG_WARN_SUSPICIOUS_MOVE = YES;
				CLANG_WARN_UNREACHABLE_CODE = YES;
				CLANG_WARN__DUPLICATE_METHOD_MATCH = YES;
				"CODE_SIGN_IDENTITY[sdk=iphoneos*]" = "iPhone Developer";
				COPY_PHASE_STRIP = NO;
				DEBUG_INFORMATION_FORMAT = "dwarf-with-dsym";
				ENABLE_NS_ASSERTIONS = NO;
				ENABLE_STRICT_OBJC_MSGSEND = YES;
				GCC_C_LANGUAGE_STANDARD = gnu99;
				GCC_NO_COMMON_BLOCKS = YES;
				GCC_WARN_64_TO_32_BIT_CONVERSION = YES;
				GCC_WARN_ABOUT_RETURN_TYPE = YES_ERROR;
				GCC_WARN_UNDECLARED_SELECTOR = YES;
				GCC_WARN_UNINITIALIZED_AUTOS = YES_AGGRESSIVE;
				GCC_WARN_UNUSED_FUNCTION = YES;
				GCC_WARN_UNUSED_VARIABLE = YES;
				IPHONEOS_DEPLOYMENT_TARGET = 10.2;
				MTL_ENABLE_DEBUG_INFO = NO;
				SDKROOT = iphoneos;
				SWIFT_OPTIMIZATION_LEVEL = "-Owholemodule";
				VALIDATE_PRODUCT = YES;
			};
			name = Release;
		};
		58F45B151E3A7E1E003653D2 /* Debug */ = {
			isa = XCBuildConfiguration;
			buildSettings = {
				ASSETCATALOG_COMPILER_APPICON_NAME = AppIcon;
				DEVELOPMENT_TEAM = DA7ERXYKAU;
				INFOPLIST_FILE = TipCalculator/Info.plist;
				LD_RUNPATH_SEARCH_PATHS = "$(inherited) @executable_path/Frameworks";
				PRODUCT_BUNDLE_IDENTIFIER = com.vanshady.TipCalculator;
				PRODUCT_NAME = "$(TARGET_NAME)";
				SWIFT_VERSION = 3.0;
			};
			name = Debug;
		};
		58F45B161E3A7E1E003653D2 /* Release */ = {
			isa = XCBuildConfiguration;
			buildSettings = {
				ASSETCATALOG_COMPILER_APPICON_NAME = AppIcon;
				DEVELOPMENT_TEAM = DA7ERXYKAU;
				INFOPLIST_FILE = TipCalculator/Info.plist;
				LD_RUNPATH_SEARCH_PATHS = "$(inherited) @executable_path/Frameworks";
				PRODUCT_BUNDLE_IDENTIFIER = com.vanshady.TipCalculator;
				PRODUCT_NAME = "$(TARGET_NAME)";
				SWIFT_VERSION = 3.0;
			};
			name = Release;
		};
/* End XCBuildConfiguration section */

/* Begin XCConfigurationList section */
		58F45AFA1E3A7E1E003653D2 /* Build configuration list for PBXProject "TipCalculator" */ = {
			isa = XCConfigurationList;
			buildConfigurations = (
				58F45B121E3A7E1E003653D2 /* Debug */,
				58F45B131E3A7E1E003653D2 /* Release */,
			);
			defaultConfigurationIsVisible = 0;
			defaultConfigurationName = Release;
		};
		58F45B141E3A7E1E003653D2 /* Build configuration list for PBXNativeTarget "TipCalculator" */ = {
			isa = XCConfigurationList;
			buildConfigurations = (
				58F45B151E3A7E1E003653D2 /* Debug */,
				58F45B161E3A7E1E003653D2 /* Release */,
			);
			defaultConfigurationIsVisible = 0;
		};
/* End XCConfigurationList section */

/* Begin XCVersionGroup section */
		58F45B091E3A7E1E003653D2 /* TipCalculator.xcdatamodeld */ = {
			isa = XCVersionGroup;
			children = (
				58F45B0A1E3A7E1E003653D2 /* TipCalculator.xcdatamodel */,
			);
			currentVersion = 58F45B0A1E3A7E1E003653D2 /* TipCalculator.xcdatamodel */;
			path = TipCalculator.xcdatamodeld;
			sourceTree = "<group>";
			versionGroupType = wrapper.xcdatamodel;
		};
/* End XCVersionGroup section */
	};
	rootObject = 58F45AF71E3A7E1E003653D2 /* Project object */;
}
